// !$*UTF8*$!
{
	archiveVersion = 1;
	classes = {
	};
	objectVersion = 42;
	objects = {

/* Begin PBXBuildFile section */
		30F8EA1F0B2EA473001B86D3 /* CoreFoundation.framework in Frameworks */ = {isa = PBXBuildFile; fileRef = 30F8EA1E0B2EA473001B86D3 /* CoreFoundation.framework */; };
		30F8EA230B2EA49E001B86D3 /* libpng.framework in Frameworks */ = {isa = PBXBuildFile; fileRef = 30F8EA220B2EA49E001B86D3 /* libpng.framework */; };
		30F8EA270B2EA4D3001B86D3 /* SDL.framework in Frameworks */ = {isa = PBXBuildFile; fileRef = 30F8EA260B2EA4D3001B86D3 /* SDL.framework */; };
		30F8EA2B0B2EA4E8001B86D3 /* SDL_image.framework in Frameworks */ = {isa = PBXBuildFile; fileRef = 30F8EA2A0B2EA4E8001B86D3 /* SDL_image.framework */; };
		30F8EA2F0B2EA4F8001B86D3 /* SDL_mixer.framework in Frameworks */ = {isa = PBXBuildFile; fileRef = 30F8EA2E0B2EA4F8001B86D3 /* SDL_mixer.framework */; };
		30F8EA400B2EA548001B86D3 /* ai.cpp in Sources */ = {isa = PBXBuildFile; fileRef = 30F8EA320B2EA548001B86D3 /* ai.cpp */; };
		30F8EA410B2EA548001B86D3 /* dirlist.cpp in Sources */ = {isa = PBXBuildFile; fileRef = 30F8EA340B2EA548001B86D3 /* dirlist.cpp */; };
		30F8EA420B2EA548001B86D3 /* eyecandy.cpp in Sources */ = {isa = PBXBuildFile; fileRef = 30F8EA360B2EA548001B86D3 /* eyecandy.cpp */; };
		30F8EA430B2EA548001B86D3 /* gamemodes.cpp in Sources */ = {isa = PBXBuildFile; fileRef = 30F8EA380B2EA548001B86D3 /* gamemodes.cpp */; };
		30F8EA440B2EA548001B86D3 /* gfx.cpp in Sources */ = {isa = PBXBuildFile; fileRef = 30F8EA3A0B2EA548001B86D3 /* gfx.cpp */; };
		30F8EA450B2EA548001B86D3 /* global.cpp in Sources */ = {isa = PBXBuildFile; fileRef = 30F8EA3C0B2EA548001B86D3 /* global.cpp */; };
		30F8EA460B2EA548001B86D3 /* HashTable.cpp in Sources */ = {isa = PBXBuildFile; fileRef = 30F8EA3E0B2EA548001B86D3 /* HashTable.cpp */; };
		30F8EA550B2EA565001B86D3 /* input.cpp in Sources */ = {isa = PBXBuildFile; fileRef = 30F8EA470B2EA565001B86D3 /* input.cpp */; };
		30F8EA580B2EA565001B86D3 /* main.cpp in Sources */ = {isa = PBXBuildFile; fileRef = 30F8EA4C0B2EA565001B86D3 /* main.cpp */; };
		30F8EA590B2EA565001B86D3 /* map.cpp in Sources */ = {isa = PBXBuildFile; fileRef = 30F8EA4D0B2EA565001B86D3 /* map.cpp */; };
		30F8EA5A0B2EA565001B86D3 /* MapList.cpp in Sources */ = {isa = PBXBuildFile; fileRef = 30F8EA4F0B2EA565001B86D3 /* MapList.cpp */; };
		30F8EA5B0B2EA565001B86D3 /* menu.cpp in Sources */ = {isa = PBXBuildFile; fileRef = 30F8EA510B2EA565001B86D3 /* menu.cpp */; };
		30F8EA5C0B2EA565001B86D3 /* movingplatform.cpp in Sources */ = {isa = PBXBuildFile; fileRef = 30F8EA530B2EA565001B86D3 /* movingplatform.cpp */; };
		30F8EA650B2EA57E001B86D3 /* object.cpp in Sources */ = {isa = PBXBuildFile; fileRef = 30F8EA5D0B2EA57E001B86D3 /* object.cpp */; };
		30F8EA670B2EA57E001B86D3 /* path.cpp in Sources */ = {isa = PBXBuildFile; fileRef = 30F8EA610B2EA57E001B86D3 /* path.cpp */; };
		30F8EA680B2EA57E001B86D3 /* player.cpp in Sources */ = {isa = PBXBuildFile; fileRef = 30F8EA630B2EA57E001B86D3 /* player.cpp */; };
		30F8EA6F0B2EA593001B86D3 /* savepng.cpp in Sources */ = {isa = PBXBuildFile; fileRef = 30F8EA690B2EA593001B86D3 /* savepng.cpp */; };
		30F8EA700B2EA593001B86D3 /* SFont.c in Sources */ = {isa = PBXBuildFile; fileRef = 30F8EA6B0B2EA593001B86D3 /* SFont.c */; };
		30F8EA710B2EA593001B86D3 /* sfx.cpp in Sources */ = {isa = PBXBuildFile; fileRef = 30F8EA6D0B2EA593001B86D3 /* sfx.cpp */; };
		30F8EA730B2EA5CA001B86D3 /* splash.cpp in Sources */ = {isa = PBXBuildFile; fileRef = 30F8EA720B2EA5CA001B86D3 /* splash.cpp */; };
		30F8EA780B2EA5DD001B86D3 /* uicontrol.cpp in Sources */ = {isa = PBXBuildFile; fileRef = 30F8EA740B2EA5DD001B86D3 /* uicontrol.cpp */; };
		30F8EA790B2EA5DD001B86D3 /* uimenu.cpp in Sources */ = {isa = PBXBuildFile; fileRef = 30F8EA760B2EA5DD001B86D3 /* uimenu.cpp */; };
		30F8EA7C0B2EA62E001B86D3 /* SDLMain.m in Sources */ = {isa = PBXBuildFile; fileRef = 30F8EA7B0B2EA62E001B86D3 /* SDLMain.m */; };
		30F8EA7E0B2EA640001B86D3 /* smw.icns in Resources */ = {isa = PBXBuildFile; fileRef = 30F8EA7D0B2EA640001B86D3 /* smw.icns */; };
		30F8EA9F0B2EAA3A001B86D3 /* linfunc.cpp in Sources */ = {isa = PBXBuildFile; fileRef = 30F8EA4A0B2EA565001B86D3 /* linfunc.cpp */; };
		30F8EAF20B2EAE87001B86D3 /* SFont.c in Sources */ = {isa = PBXBuildFile; fileRef = 30F8EA6B0B2EA593001B86D3 /* SFont.c */; };
		30F8EAF40B2EAE8F001B86D3 /* MapList.cpp in Sources */ = {isa = PBXBuildFile; fileRef = 30F8EA4F0B2EA565001B86D3 /* MapList.cpp */; };
		30F8EAF50B2EAE93001B86D3 /* leveleditor.cpp in Sources */ = {isa = PBXBuildFile; fileRef = 30F8EA490B2EA565001B86D3 /* leveleditor.cpp */; };
		30F8EAF60B2EAEA6001B86D3 /* gfx.cpp in Sources */ = {isa = PBXBuildFile; fileRef = 30F8EA3A0B2EA548001B86D3 /* gfx.cpp */; };
		30F8EAF70B2EAEA9001B86D3 /* dirlist.cpp in Sources */ = {isa = PBXBuildFile; fileRef = 30F8EA340B2EA548001B86D3 /* dirlist.cpp */; };
		30F8EAF80B2EAEB3001B86D3 /* global.cpp in Sources */ = {isa = PBXBuildFile; fileRef = 30F8EA3C0B2EA548001B86D3 /* global.cpp */; };
		30F8EAF90B2EAEB6001B86D3 /* input.cpp in Sources */ = {isa = PBXBuildFile; fileRef = 30F8EA470B2EA565001B86D3 /* input.cpp */; };
		30F8EAFA0B2EAEBD001B86D3 /* map.cpp in Sources */ = {isa = PBXBuildFile; fileRef = 30F8EA4D0B2EA565001B86D3 /* map.cpp */; };
		30F8EB0C0B2EAFD7001B86D3 /* SDLMain.m in Sources */ = {isa = PBXBuildFile; fileRef = 30F8EA7B0B2EA62E001B86D3 /* SDLMain.m */; };
		30F8EB120B2EB01F001B86D3 /* libpng.framework in Frameworks */ = {isa = PBXBuildFile; fileRef = 30F8EA220B2EA49E001B86D3 /* libpng.framework */; };
		30F8EB170B2EB03A001B86D3 /* SDL_mixer.framework in Frameworks */ = {isa = PBXBuildFile; fileRef = 30F8EA2E0B2EA4F8001B86D3 /* SDL_mixer.framework */; };
		30F8EB180B2EB03B001B86D3 /* SDL_image.framework in Frameworks */ = {isa = PBXBuildFile; fileRef = 30F8EA2A0B2EA4E8001B86D3 /* SDL_image.framework */; };
		30F8EB190B2EB03B001B86D3 /* SDL.framework in Frameworks */ = {isa = PBXBuildFile; fileRef = 30F8EA260B2EA4D3001B86D3 /* SDL.framework */; };
		30F8EB1A0B2EB041001B86D3 /* Cocoa.framework in Frameworks */ = {isa = PBXBuildFile; fileRef = 1058C7A1FEA54F0111CA2CBB /* Cocoa.framework */; };
		30F8EB1B0B2EB041001B86D3 /* CoreFoundation.framework in Frameworks */ = {isa = PBXBuildFile; fileRef = 30F8EA1E0B2EA473001B86D3 /* CoreFoundation.framework */; };
		30F8EB2A0B2EB0E4001B86D3 /* linfunc.cpp in Sources */ = {isa = PBXBuildFile; fileRef = 30F8EA4A0B2EA565001B86D3 /* linfunc.cpp */; };
		30F8EB310B2EB157001B86D3 /* movingplatform.cpp in Sources */ = {isa = PBXBuildFile; fileRef = 30F8EA530B2EA565001B86D3 /* movingplatform.cpp */; };
		30F8EB320B2EB15B001B86D3 /* savepng.cpp in Sources */ = {isa = PBXBuildFile; fileRef = 30F8EA690B2EA593001B86D3 /* savepng.cpp */; };
		30F8EB330B2EB15C001B86D3 /* path.cpp in Sources */ = {isa = PBXBuildFile; fileRef = 30F8EA610B2EA57E001B86D3 /* path.cpp */; };
		30F8EB3A0B2EB1FE001B86D3 /* leveledit.icns in Resources */ = {isa = PBXBuildFile; fileRef = 30F8EAFB0B2EAF0E001B86D3 /* leveledit.icns */; };
		8D11072A0486CEB800E47090 /* MainMenu.nib in Resources */ = {isa = PBXBuildFile; fileRef = 29B97318FDCFA39411CA2CEA /* MainMenu.nib */; };
		8D11072B0486CEB800E47090 /* InfoPlist.strings in Resources */ = {isa = PBXBuildFile; fileRef = 089C165CFE840E0CC02AAC07 /* InfoPlist.strings */; };
		8D11072F0486CEB800E47090 /* Cocoa.framework in Frameworks */ = {isa = PBXBuildFile; fileRef = 1058C7A1FEA54F0111CA2CBB /* Cocoa.framework */; };
/* End PBXBuildFile section */

/* Begin PBXFileReference section */
		089C165DFE840E0CC02AAC07 /* English */ = {isa = PBXFileReference; fileEncoding = 10; lastKnownFileType = text.plist.strings; name = English; path = English.lproj/InfoPlist.strings; sourceTree = "<group>"; };
		1058C7A1FEA54F0111CA2CBB /* Cocoa.framework */ = {isa = PBXFileReference; lastKnownFileType = wrapper.framework; name = Cocoa.framework; path = /System/Library/Frameworks/Cocoa.framework; sourceTree = "<absolute>"; };
		29B97319FDCFA39411CA2CEA /* English */ = {isa = PBXFileReference; lastKnownFileType = wrapper.nib; name = English; path = English.lproj/MainMenu.nib; sourceTree = "<group>"; };
		30F8EA1E0B2EA473001B86D3 /* CoreFoundation.framework */ = {isa = PBXFileReference; lastKnownFileType = wrapper.framework; name = CoreFoundation.framework; path = /System/Library/Frameworks/CoreFoundation.framework; sourceTree = "<absolute>"; };
		30F8EA220B2EA49E001B86D3 /* libpng.framework */ = {isa = PBXFileReference; lastKnownFileType = wrapper.framework; name = libpng.framework; path = /Library/Frameworks/libpng.framework; sourceTree = "<absolute>"; };
		30F8EA260B2EA4D3001B86D3 /* SDL.framework */ = {isa = PBXFileReference; lastKnownFileType = wrapper.framework; name = SDL.framework; path = /Library/Frameworks/SDL.framework; sourceTree = "<absolute>"; };
		30F8EA2A0B2EA4E8001B86D3 /* SDL_image.framework */ = {isa = PBXFileReference; lastKnownFileType = wrapper.framework; name = SDL_image.framework; path = /Library/Frameworks/SDL_image.framework; sourceTree = "<absolute>"; };
		30F8EA2E0B2EA4F8001B86D3 /* SDL_mixer.framework */ = {isa = PBXFileReference; lastKnownFileType = wrapper.framework; name = SDL_mixer.framework; path = /Library/Frameworks/SDL_mixer.framework; sourceTree = "<absolute>"; };
		30F8EA320B2EA548001B86D3 /* ai.cpp */ = {isa = PBXFileReference; fileEncoding = 30; lastKnownFileType = sourcecode.cpp.cpp; name = ai.cpp; path = ../../_src/ai.cpp; sourceTree = SOURCE_ROOT; };
		30F8EA330B2EA548001B86D3 /* ai.h */ = {isa = PBXFileReference; fileEncoding = 30; lastKnownFileType = sourcecode.c.h; name = ai.h; path = ../../_src/ai.h; sourceTree = SOURCE_ROOT; };
		30F8EA340B2EA548001B86D3 /* dirlist.cpp */ = {isa = PBXFileReference; fileEncoding = 30; lastKnownFileType = sourcecode.cpp.cpp; name = dirlist.cpp; path = ../../_src/dirlist.cpp; sourceTree = SOURCE_ROOT; };
		30F8EA350B2EA548001B86D3 /* dirlist.h */ = {isa = PBXFileReference; fileEncoding = 30; lastKnownFileType = sourcecode.c.h; name = dirlist.h; path = ../../_src/dirlist.h; sourceTree = SOURCE_ROOT; };
		30F8EA360B2EA548001B86D3 /* eyecandy.cpp */ = {isa = PBXFileReference; fileEncoding = 30; lastKnownFileType = sourcecode.cpp.cpp; name = eyecandy.cpp; path = ../../_src/eyecandy.cpp; sourceTree = SOURCE_ROOT; };
		30F8EA370B2EA548001B86D3 /* eyecandy.h */ = {isa = PBXFileReference; fileEncoding = 30; lastKnownFileType = sourcecode.c.h; name = eyecandy.h; path = ../../_src/eyecandy.h; sourceTree = SOURCE_ROOT; };
		30F8EA380B2EA548001B86D3 /* gamemodes.cpp */ = {isa = PBXFileReference; fileEncoding = 30; lastKnownFileType = sourcecode.cpp.cpp; name = gamemodes.cpp; path = ../../_src/gamemodes.cpp; sourceTree = SOURCE_ROOT; };
		30F8EA390B2EA548001B86D3 /* gamemodes.h */ = {isa = PBXFileReference; fileEncoding = 30; lastKnownFileType = sourcecode.c.h; name = gamemodes.h; path = ../../_src/gamemodes.h; sourceTree = SOURCE_ROOT; };
		30F8EA3A0B2EA548001B86D3 /* gfx.cpp */ = {isa = PBXFileReference; fileEncoding = 30; lastKnownFileType = sourcecode.cpp.cpp; name = gfx.cpp; path = ../../_src/gfx.cpp; sourceTree = SOURCE_ROOT; };
		30F8EA3B0B2EA548001B86D3 /* gfx.h */ = {isa = PBXFileReference; fileEncoding = 30; lastKnownFileType = sourcecode.c.h; name = gfx.h; path = ../../_src/gfx.h; sourceTree = SOURCE_ROOT; };
		30F8EA3C0B2EA548001B86D3 /* global.cpp */ = {isa = PBXFileReference; fileEncoding = 30; lastKnownFileType = sourcecode.cpp.cpp; name = global.cpp; path = ../../_src/global.cpp; sourceTree = SOURCE_ROOT; };
		30F8EA3D0B2EA548001B86D3 /* global.h */ = {isa = PBXFileReference; fileEncoding = 30; lastKnownFileType = sourcecode.c.h; name = global.h; path = ../../_src/global.h; sourceTree = SOURCE_ROOT; };
		30F8EA3E0B2EA548001B86D3 /* HashTable.cpp */ = {isa = PBXFileReference; fileEncoding = 30; lastKnownFileType = sourcecode.cpp.cpp; name = HashTable.cpp; path = ../../_src/HashTable.cpp; sourceTree = SOURCE_ROOT; };
		30F8EA3F0B2EA548001B86D3 /* HashTable.h */ = {isa = PBXFileReference; fileEncoding = 30; lastKnownFileType = sourcecode.c.h; name = HashTable.h; path = ../../_src/HashTable.h; sourceTree = SOURCE_ROOT; };
		30F8EA470B2EA565001B86D3 /* input.cpp */ = {isa = PBXFileReference; fileEncoding = 30; lastKnownFileType = sourcecode.cpp.cpp; name = input.cpp; path = ../../_src/input.cpp; sourceTree = SOURCE_ROOT; };
		30F8EA480B2EA565001B86D3 /* input.h */ = {isa = PBXFileReference; fileEncoding = 30; lastKnownFileType = sourcecode.c.h; name = input.h; path = ../../_src/input.h; sourceTree = SOURCE_ROOT; };
		30F8EA490B2EA565001B86D3 /* leveleditor.cpp */ = {isa = PBXFileReference; fileEncoding = 30; lastKnownFileType = sourcecode.cpp.cpp; name = leveleditor.cpp; path = ../../_src/leveleditor.cpp; sourceTree = SOURCE_ROOT; };
		30F8EA4A0B2EA565001B86D3 /* linfunc.cpp */ = {isa = PBXFileReference; fileEncoding = 30; lastKnownFileType = sourcecode.cpp.cpp; name = linfunc.cpp; path = ../../_src/linfunc.cpp; sourceTree = SOURCE_ROOT; };
		30F8EA4B0B2EA565001B86D3 /* linfunc.h */ = {isa = PBXFileReference; fileEncoding = 30; lastKnownFileType = sourcecode.c.h; name = linfunc.h; path = ../../_src/linfunc.h; sourceTree = SOURCE_ROOT; };
		30F8EA4C0B2EA565001B86D3 /* main.cpp */ = {isa = PBXFileReference; fileEncoding = 30; lastKnownFileType = sourcecode.cpp.cpp; name = main.cpp; path = ../../_src/main.cpp; sourceTree = SOURCE_ROOT; };
		30F8EA4D0B2EA565001B86D3 /* map.cpp */ = {isa = PBXFileReference; fileEncoding = 30; lastKnownFileType = sourcecode.cpp.cpp; name = map.cpp; path = ../../_src/map.cpp; sourceTree = SOURCE_ROOT; };
		30F8EA4E0B2EA565001B86D3 /* map.h */ = {isa = PBXFileReference; fileEncoding = 30; lastKnownFileType = sourcecode.c.h; name = map.h; path = ../../_src/map.h; sourceTree = SOURCE_ROOT; };
		30F8EA4F0B2EA565001B86D3 /* MapList.cpp */ = {isa = PBXFileReference; fileEncoding = 30; lastKnownFileType = sourcecode.cpp.cpp; name = MapList.cpp; path = ../../_src/MapList.cpp; sourceTree = SOURCE_ROOT; };
		30F8EA500B2EA565001B86D3 /* MapList.h */ = {isa = PBXFileReference; fileEncoding = 30; lastKnownFileType = sourcecode.c.h; name = MapList.h; path = ../../_src/MapList.h; sourceTree = SOURCE_ROOT; };
		30F8EA510B2EA565001B86D3 /* menu.cpp */ = {isa = PBXFileReference; fileEncoding = 30; lastKnownFileType = sourcecode.cpp.cpp; name = menu.cpp; path = ../../_src/menu.cpp; sourceTree = SOURCE_ROOT; };
		30F8EA520B2EA565001B86D3 /* menu.h */ = {isa = PBXFileReference; fileEncoding = 30; lastKnownFileType = sourcecode.c.h; name = menu.h; path = ../../_src/menu.h; sourceTree = SOURCE_ROOT; };
		30F8EA530B2EA565001B86D3 /* movingplatform.cpp */ = {isa = PBXFileReference; fileEncoding = 30; lastKnownFileType = sourcecode.cpp.cpp; name = movingplatform.cpp; path = ../../_src/movingplatform.cpp; sourceTree = SOURCE_ROOT; };
		30F8EA540B2EA565001B86D3 /* movingplatform.h */ = {isa = PBXFileReference; fileEncoding = 30; lastKnownFileType = sourcecode.c.h; name = movingplatform.h; path = ../../_src/movingplatform.h; sourceTree = SOURCE_ROOT; };
		30F8EA5D0B2EA57E001B86D3 /* object.cpp */ = {isa = PBXFileReference; fileEncoding = 30; lastKnownFileType = sourcecode.cpp.cpp; name = object.cpp; path = ../../_src/object.cpp; sourceTree = SOURCE_ROOT; };
		30F8EA5E0B2EA57E001B86D3 /* object.h */ = {isa = PBXFileReference; fileEncoding = 30; lastKnownFileType = sourcecode.c.h; name = object.h; path = ../../_src/object.h; sourceTree = SOURCE_ROOT; };
		30F8EA610B2EA57E001B86D3 /* path.cpp */ = {isa = PBXFileReference; fileEncoding = 30; lastKnownFileType = sourcecode.cpp.cpp; name = path.cpp; path = ../../_src/path.cpp; sourceTree = SOURCE_ROOT; };
		30F8EA620B2EA57E001B86D3 /* path.h */ = {isa = PBXFileReference; fileEncoding = 30; lastKnownFileType = sourcecode.c.h; name = path.h; path = ../../_src/path.h; sourceTree = SOURCE_ROOT; };
		30F8EA630B2EA57E001B86D3 /* player.cpp */ = {isa = PBXFileReference; fileEncoding = 30; lastKnownFileType = sourcecode.cpp.cpp; name = player.cpp; path = ../../_src/player.cpp; sourceTree = SOURCE_ROOT; };
		30F8EA640B2EA57E001B86D3 /* player.h */ = {isa = PBXFileReference; fileEncoding = 30; lastKnownFileType = sourcecode.c.h; name = player.h; path = ../../_src/player.h; sourceTree = SOURCE_ROOT; };
		30F8EA690B2EA593001B86D3 /* savepng.cpp */ = {isa = PBXFileReference; fileEncoding = 30; lastKnownFileType = sourcecode.cpp.cpp; name = savepng.cpp; path = ../../_src/savepng.cpp; sourceTree = SOURCE_ROOT; };
		30F8EA6A0B2EA593001B86D3 /* savepng.h */ = {isa = PBXFileReference; fileEncoding = 30; lastKnownFileType = sourcecode.c.h; name = savepng.h; path = ../../_src/savepng.h; sourceTree = SOURCE_ROOT; };
		30F8EA6B0B2EA593001B86D3 /* SFont.c */ = {isa = PBXFileReference; fileEncoding = 30; lastKnownFileType = sourcecode.c.c; name = SFont.c; path = ../../_src/SFont.c; sourceTree = SOURCE_ROOT; };
		30F8EA6C0B2EA593001B86D3 /* SFont.h */ = {isa = PBXFileReference; fileEncoding = 30; lastKnownFileType = sourcecode.c.h; name = SFont.h; path = ../../_src/SFont.h; sourceTree = SOURCE_ROOT; };
		30F8EA6D0B2EA593001B86D3 /* sfx.cpp */ = {isa = PBXFileReference; fileEncoding = 30; lastKnownFileType = sourcecode.cpp.cpp; name = sfx.cpp; path = ../../_src/sfx.cpp; sourceTree = SOURCE_ROOT; };
		30F8EA6E0B2EA593001B86D3 /* sfx.h */ = {isa = PBXFileReference; fileEncoding = 30; lastKnownFileType = sourcecode.c.h; name = sfx.h; path = ../../_src/sfx.h; sourceTree = SOURCE_ROOT; };
		30F8EA720B2EA5CA001B86D3 /* splash.cpp */ = {isa = PBXFileReference; fileEncoding = 30; lastKnownFileType = sourcecode.cpp.cpp; name = splash.cpp; path = ../../_src/splash.cpp; sourceTree = SOURCE_ROOT; };
		30F8EA740B2EA5DD001B86D3 /* uicontrol.cpp */ = {isa = PBXFileReference; fileEncoding = 30; lastKnownFileType = sourcecode.cpp.cpp; name = uicontrol.cpp; path = ../../_src/uicontrol.cpp; sourceTree = SOURCE_ROOT; };
		30F8EA750B2EA5DD001B86D3 /* uicontrol.h */ = {isa = PBXFileReference; fileEncoding = 30; lastKnownFileType = sourcecode.c.h; name = uicontrol.h; path = ../../_src/uicontrol.h; sourceTree = SOURCE_ROOT; };
		30F8EA760B2EA5DD001B86D3 /* uimenu.cpp */ = {isa = PBXFileReference; fileEncoding = 30; lastKnownFileType = sourcecode.cpp.cpp; name = uimenu.cpp; path = ../../_src/uimenu.cpp; sourceTree = SOURCE_ROOT; };
		30F8EA770B2EA5DD001B86D3 /* uimenu.h */ = {isa = PBXFileReference; fileEncoding = 30; lastKnownFileType = sourcecode.c.h; name = uimenu.h; path = ../../_src/uimenu.h; sourceTree = SOURCE_ROOT; };
		30F8EA7A0B2EA62E001B86D3 /* SDLMain.h */ = {isa = PBXFileReference; fileEncoding = 30; lastKnownFileType = sourcecode.c.h; name = SDLMain.h; path = ../../macosx/SDLMain.h; sourceTree = SOURCE_ROOT; };
		30F8EA7B0B2EA62E001B86D3 /* SDLMain.m */ = {isa = PBXFileReference; fileEncoding = 30; lastKnownFileType = sourcecode.c.objc; name = SDLMain.m; path = ../../macosx/SDLMain.m; sourceTree = SOURCE_ROOT; };
		30F8EA7D0B2EA640001B86D3 /* smw.icns */ = {isa = PBXFileReference; lastKnownFileType = image.icns; name = smw.icns; path = ../../macosx/smw.icns; sourceTree = SOURCE_ROOT; };
		30F8EAEB0B2EADF8001B86D3 /* SMW Level Editor.app */ = {isa = PBXFileReference; explicitFileType = wrapper.application; includeInIndex = 0; path = "SMW Level Editor.app"; sourceTree = BUILT_PRODUCTS_DIR; };
		30F8EAED0B2EADF8001B86D3 /* SMW Level Editor-Info.plist */ = {isa = PBXFileReference; lastKnownFileType = text.xml; path = "SMW Level Editor-Info.plist"; sourceTree = "<group>"; };
		30F8EAFB0B2EAF0E001B86D3 /* leveledit.icns */ = {isa = PBXFileReference; lastKnownFileType = image.icns; name = leveledit.icns; path = ../../macosx/leveledit.icns; sourceTree = SOURCE_ROOT; };
		32CA4F630368D1EE00C91783 /* Super Mario War_Prefix.pch */ = {isa = PBXFileReference; fileEncoding = 4; lastKnownFileType = sourcecode.c.h; path = "Super Mario War_Prefix.pch"; sourceTree = "<group>"; };
		8D1107310486CEB800E47090 /* Info.plist */ = {isa = PBXFileReference; fileEncoding = 4; lastKnownFileType = text.plist; path = Info.plist; sourceTree = "<group>"; };
		8D1107320486CEB800E47090 /* Super Mario War.app */ = {isa = PBXFileReference; includeInIndex = 0; lastKnownFileType = wrapper.application; path = "Super Mario War.app"; sourceTree = BUILT_PRODUCTS_DIR; };
/* End PBXFileReference section */

/* Begin PBXFrameworksBuildPhase section */
		30F8EAE90B2EADF8001B86D3 /* Frameworks */ = {
			isa = PBXFrameworksBuildPhase;
			buildActionMask = 2147483647;
			files = (
				30F8EB120B2EB01F001B86D3 /* libpng.framework in Frameworks */,
				30F8EB170B2EB03A001B86D3 /* SDL_mixer.framework in Frameworks */,
				30F8EB180B2EB03B001B86D3 /* SDL_image.framework in Frameworks */,
				30F8EB190B2EB03B001B86D3 /* SDL.framework in Frameworks */,
				30F8EB1A0B2EB041001B86D3 /* Cocoa.framework in Frameworks */,
				30F8EB1B0B2EB041001B86D3 /* CoreFoundation.framework in Frameworks */,
			);
			runOnlyForDeploymentPostprocessing = 0;
		};
		8D11072E0486CEB800E47090 /* Frameworks */ = {
			isa = PBXFrameworksBuildPhase;
			buildActionMask = 2147483647;
			files = (
				8D11072F0486CEB800E47090 /* Cocoa.framework in Frameworks */,
				30F8EA1F0B2EA473001B86D3 /* CoreFoundation.framework in Frameworks */,
				30F8EA230B2EA49E001B86D3 /* libpng.framework in Frameworks */,
				30F8EA270B2EA4D3001B86D3 /* SDL.framework in Frameworks */,
				30F8EA2B0B2EA4E8001B86D3 /* SDL_image.framework in Frameworks */,
				30F8EA2F0B2EA4F8001B86D3 /* SDL_mixer.framework in Frameworks */,
			);
			runOnlyForDeploymentPostprocessing = 0;
		};
/* End PBXFrameworksBuildPhase section */

/* Begin PBXGroup section */
		080E96DDFE201D6D7F000001 /* Classes */ = {
			isa = PBXGroup;
			children = (
				30F8EA320B2EA548001B86D3 /* ai.cpp */,
				30F8EA330B2EA548001B86D3 /* ai.h */,
				30F8EA340B2EA548001B86D3 /* dirlist.cpp */,
				30F8EA350B2EA548001B86D3 /* dirlist.h */,
				30F8EA360B2EA548001B86D3 /* eyecandy.cpp */,
				30F8EA370B2EA548001B86D3 /* eyecandy.h */,
				30F8EA380B2EA548001B86D3 /* gamemodes.cpp */,
				30F8EA390B2EA548001B86D3 /* gamemodes.h */,
				30F8EA3A0B2EA548001B86D3 /* gfx.cpp */,
				30F8EA3B0B2EA548001B86D3 /* gfx.h */,
				30F8EA3C0B2EA548001B86D3 /* global.cpp */,
				30F8EA3D0B2EA548001B86D3 /* global.h */,
				30F8EA3E0B2EA548001B86D3 /* HashTable.cpp */,
				30F8EA3F0B2EA548001B86D3 /* HashTable.h */,
				30F8EA470B2EA565001B86D3 /* input.cpp */,
				30F8EA480B2EA565001B86D3 /* input.h */,
				30F8EA490B2EA565001B86D3 /* leveleditor.cpp */,
				30F8EA4A0B2EA565001B86D3 /* linfunc.cpp */,
				30F8EA4B0B2EA565001B86D3 /* linfunc.h */,
				30F8EA4C0B2EA565001B86D3 /* main.cpp */,
				30F8EA4D0B2EA565001B86D3 /* map.cpp */,
				30F8EA4E0B2EA565001B86D3 /* map.h */,
				30F8EA4F0B2EA565001B86D3 /* MapList.cpp */,
				30F8EA500B2EA565001B86D3 /* MapList.h */,
				30F8EA510B2EA565001B86D3 /* menu.cpp */,
				30F8EA520B2EA565001B86D3 /* menu.h */,
				30F8EA530B2EA565001B86D3 /* movingplatform.cpp */,
				30F8EA540B2EA565001B86D3 /* movingplatform.h */,
				30F8EA5D0B2EA57E001B86D3 /* object.cpp */,
				30F8EA5E0B2EA57E001B86D3 /* object.h */,
				30F8EA610B2EA57E001B86D3 /* path.cpp */,
				30F8EA620B2EA57E001B86D3 /* path.h */,
				30F8EA630B2EA57E001B86D3 /* player.cpp */,
				30F8EA640B2EA57E001B86D3 /* player.h */,
				30F8EA720B2EA5CA001B86D3 /* splash.cpp */,
				30F8EA690B2EA593001B86D3 /* savepng.cpp */,
				30F8EA6A0B2EA593001B86D3 /* savepng.h */,
				30F8EA6B0B2EA593001B86D3 /* SFont.c */,
				30F8EA6C0B2EA593001B86D3 /* SFont.h */,
				30F8EA6D0B2EA593001B86D3 /* sfx.cpp */,
				30F8EA6E0B2EA593001B86D3 /* sfx.h */,
				30F8EA740B2EA5DD001B86D3 /* uicontrol.cpp */,
				30F8EA750B2EA5DD001B86D3 /* uicontrol.h */,
				30F8EA760B2EA5DD001B86D3 /* uimenu.cpp */,
				30F8EA770B2EA5DD001B86D3 /* uimenu.h */,
			);
			name = Classes;
			sourceTree = "<group>";
		};
		1058C7A0FEA54F0111CA2CBB /* Linked Frameworks */ = {
			isa = PBXGroup;
			children = (
				30F8EA2E0B2EA4F8001B86D3 /* SDL_mixer.framework */,
				30F8EA2A0B2EA4E8001B86D3 /* SDL_image.framework */,
				30F8EA260B2EA4D3001B86D3 /* SDL.framework */,
				30F8EA220B2EA49E001B86D3 /* libpng.framework */,
				30F8EA1E0B2EA473001B86D3 /* CoreFoundation.framework */,
				1058C7A1FEA54F0111CA2CBB /* Cocoa.framework */,
			);
			name = "Linked Frameworks";
			sourceTree = "<group>";
		};
		1058C7A2FEA54F0111CA2CBB /* Other Frameworks */ = {
			isa = PBXGroup;
			children = (
			);
			name = "Other Frameworks";
			sourceTree = "<group>";
		};
		19C28FACFE9D520D11CA2CBB /* Products */ = {
			isa = PBXGroup;
			children = (
				8D1107320486CEB800E47090 /* Super Mario War.app */,
				30F8EAEB0B2EADF8001B86D3 /* SMW Level Editor.app */,
			);
			name = Products;
			sourceTree = "<group>";
		};
		29B97314FDCFA39411CA2CEA /* Super Mario War */ = {
			isa = PBXGroup;
			children = (
				080E96DDFE201D6D7F000001 /* Classes */,
				29B97315FDCFA39411CA2CEA /* Other Sources */,
				29B97317FDCFA39411CA2CEA /* Resources */,
				29B97323FDCFA39411CA2CEA /* Frameworks */,
				19C28FACFE9D520D11CA2CBB /* Products */,
				30F8EAED0B2EADF8001B86D3 /* SMW Level Editor-Info.plist */,
			);
			name = "Super Mario War";
			sourceTree = "<group>";
		};
		29B97315FDCFA39411CA2CEA /* Other Sources */ = {
			isa = PBXGroup;
			children = (
				30F8EA7A0B2EA62E001B86D3 /* SDLMain.h */,
				30F8EA7B0B2EA62E001B86D3 /* SDLMain.m */,
				32CA4F630368D1EE00C91783 /* Super Mario War_Prefix.pch */,
			);
			name = "Other Sources";
			sourceTree = "<group>";
		};
		29B97317FDCFA39411CA2CEA /* Resources */ = {
			isa = PBXGroup;
			children = (
				30F8EAFB0B2EAF0E001B86D3 /* leveledit.icns */,
				30F8EA7D0B2EA640001B86D3 /* smw.icns */,
				8D1107310486CEB800E47090 /* Info.plist */,
				089C165CFE840E0CC02AAC07 /* InfoPlist.strings */,
				29B97318FDCFA39411CA2CEA /* MainMenu.nib */,
			);
			name = Resources;
			sourceTree = "<group>";
		};
		29B97323FDCFA39411CA2CEA /* Frameworks */ = {
			isa = PBXGroup;
			children = (
				1058C7A0FEA54F0111CA2CBB /* Linked Frameworks */,
				1058C7A2FEA54F0111CA2CBB /* Other Frameworks */,
			);
			name = Frameworks;
			sourceTree = "<group>";
		};
/* End PBXGroup section */

/* Begin PBXNativeTarget section */
		30F8EAEA0B2EADF8001B86D3 /* SMW Level Editor */ = {
			isa = PBXNativeTarget;
			buildConfigurationList = 30F8EAEE0B2EADF9001B86D3 /* Build configuration list for PBXNativeTarget "SMW Level Editor" */;
			buildPhases = (
				30F8EAE70B2EADF8001B86D3 /* Resources */,
				30F8EAE80B2EADF8001B86D3 /* Sources */,
				30F8EAE90B2EADF8001B86D3 /* Frameworks */,
			);
			buildRules = (
			);
			dependencies = (
			);
			name = "SMW Level Editor";
			productName = "SMW Level Editor";
			productReference = 30F8EAEB0B2EADF8001B86D3 /* SMW Level Editor.app */;
			productType = "com.apple.product-type.application";
		};
		8D1107260486CEB800E47090 /* Super Mario War */ = {
			isa = PBXNativeTarget;
			buildConfigurationList = C01FCF4A08A954540054247B /* Build configuration list for PBXNativeTarget "Super Mario War" */;
			buildPhases = (
				8D1107290486CEB800E47090 /* Resources */,
				8D11072C0486CEB800E47090 /* Sources */,
				8D11072E0486CEB800E47090 /* Frameworks */,
			);
			buildRules = (
			);
			dependencies = (
			);
			name = "Super Mario War";
			productInstallPath = "$(HOME)/Applications";
			productName = "Super Mario War";
			productReference = 8D1107320486CEB800E47090 /* Super Mario War.app */;
			productType = "com.apple.product-type.application";
		};
/* End PBXNativeTarget section */

/* Begin PBXProject section */
		29B97313FDCFA39411CA2CEA /* Project object */ = {
			isa = PBXProject;
			buildConfigurationList = C01FCF4E08A954540054247B /* Build configuration list for PBXProject "Super Mario War" */;
			hasScannedForEncodings = 1;
			mainGroup = 29B97314FDCFA39411CA2CEA /* Super Mario War */;
			projectDirPath = "";
			targets = (
				8D1107260486CEB800E47090 /* Super Mario War */,
				30F8EAEA0B2EADF8001B86D3 /* SMW Level Editor */,
			);
		};
/* End PBXProject section */

/* Begin PBXResourcesBuildPhase section */
		30F8EAE70B2EADF8001B86D3 /* Resources */ = {
			isa = PBXResourcesBuildPhase;
			buildActionMask = 2147483647;
			files = (
				30F8EB3A0B2EB1FE001B86D3 /* leveledit.icns in Resources */,
			);
			runOnlyForDeploymentPostprocessing = 0;
		};
		8D1107290486CEB800E47090 /* Resources */ = {
			isa = PBXResourcesBuildPhase;
			buildActionMask = 2147483647;
			files = (
				8D11072A0486CEB800E47090 /* MainMenu.nib in Resources */,
				8D11072B0486CEB800E47090 /* InfoPlist.strings in Resources */,
				30F8EA7E0B2EA640001B86D3 /* smw.icns in Resources */,
			);
			runOnlyForDeploymentPostprocessing = 0;
		};
/* End PBXResourcesBuildPhase section */

/* Begin PBXSourcesBuildPhase section */
		30F8EAE80B2EADF8001B86D3 /* Sources */ = {
			isa = PBXSourcesBuildPhase;
			buildActionMask = 2147483647;
			files = (
				30F8EAF20B2EAE87001B86D3 /* SFont.c in Sources */,
				30F8EAF40B2EAE8F001B86D3 /* MapList.cpp in Sources */,
				30F8EAF50B2EAE93001B86D3 /* leveleditor.cpp in Sources */,
				30F8EAF60B2EAEA6001B86D3 /* gfx.cpp in Sources */,
				30F8EAF70B2EAEA9001B86D3 /* dirlist.cpp in Sources */,
				30F8EAF80B2EAEB3001B86D3 /* global.cpp in Sources */,
				30F8EAF90B2EAEB6001B86D3 /* input.cpp in Sources */,
				30F8EAFA0B2EAEBD001B86D3 /* map.cpp in Sources */,
				30F8EB0C0B2EAFD7001B86D3 /* SDLMain.m in Sources */,
				30F8EB2A0B2EB0E4001B86D3 /* linfunc.cpp in Sources */,
				30F8EB310B2EB157001B86D3 /* movingplatform.cpp in Sources */,
				30F8EB320B2EB15B001B86D3 /* savepng.cpp in Sources */,
				30F8EB330B2EB15C001B86D3 /* path.cpp in Sources */,
			);
			runOnlyForDeploymentPostprocessing = 0;
		};
		8D11072C0486CEB800E47090 /* Sources */ = {
			isa = PBXSourcesBuildPhase;
			buildActionMask = 2147483647;
			files = (
				30F8EA400B2EA548001B86D3 /* ai.cpp in Sources */,
				30F8EA410B2EA548001B86D3 /* dirlist.cpp in Sources */,
				30F8EA420B2EA548001B86D3 /* eyecandy.cpp in Sources */,
				30F8EA430B2EA548001B86D3 /* gamemodes.cpp in Sources */,
				30F8EA440B2EA548001B86D3 /* gfx.cpp in Sources */,
				30F8EA450B2EA548001B86D3 /* global.cpp in Sources */,
				30F8EA460B2EA548001B86D3 /* HashTable.cpp in Sources */,
				30F8EA550B2EA565001B86D3 /* input.cpp in Sources */,
				30F8EA580B2EA565001B86D3 /* main.cpp in Sources */,
				30F8EA590B2EA565001B86D3 /* map.cpp in Sources */,
				30F8EA5A0B2EA565001B86D3 /* MapList.cpp in Sources */,
				30F8EA5B0B2EA565001B86D3 /* menu.cpp in Sources */,
				30F8EA5C0B2EA565001B86D3 /* movingplatform.cpp in Sources */,
				30F8EA650B2EA57E001B86D3 /* object.cpp in Sources */,
				30F8EA670B2EA57E001B86D3 /* path.cpp in Sources */,
				30F8EA680B2EA57E001B86D3 /* player.cpp in Sources */,
				30F8EA6F0B2EA593001B86D3 /* savepng.cpp in Sources */,
				30F8EA700B2EA593001B86D3 /* SFont.c in Sources */,
				30F8EA710B2EA593001B86D3 /* sfx.cpp in Sources */,
				30F8EA730B2EA5CA001B86D3 /* splash.cpp in Sources */,
				30F8EA780B2EA5DD001B86D3 /* uicontrol.cpp in Sources */,
				30F8EA790B2EA5DD001B86D3 /* uimenu.cpp in Sources */,
				30F8EA7C0B2EA62E001B86D3 /* SDLMain.m in Sources */,
				30F8EA9F0B2EAA3A001B86D3 /* linfunc.cpp in Sources */,
			);
			runOnlyForDeploymentPostprocessing = 0;
		};
/* End PBXSourcesBuildPhase section */

/* Begin PBXVariantGroup section */
		089C165CFE840E0CC02AAC07 /* InfoPlist.strings */ = {
			isa = PBXVariantGroup;
			children = (
				089C165DFE840E0CC02AAC07 /* English */,
			);
			name = InfoPlist.strings;
			sourceTree = "<group>";
		};
		29B97318FDCFA39411CA2CEA /* MainMenu.nib */ = {
			isa = PBXVariantGroup;
			children = (
				29B97319FDCFA39411CA2CEA /* English */,
			);
			name = MainMenu.nib;
			sourceTree = "<group>";
		};
/* End PBXVariantGroup section */

/* Begin XCBuildConfiguration section */
		30F8EAEF0B2EADF9001B86D3 /* Debug */ = {
			isa = XCBuildConfiguration;
			buildSettings = {
				ARCHS = (
					ppc,
					i386,
				);
				COPY_PHASE_STRIP = NO;
				GCC_DYNAMIC_NO_PIC = NO;
				GCC_ENABLE_FIX_AND_CONTINUE = YES;
				GCC_GENERATE_DEBUGGING_SYMBOLS = YES;
				GCC_MODEL_TUNING = G5;
				GCC_OPTIMIZATION_LEVEL = 0;
				GCC_PRECOMPILE_PREFIX_HEADER = YES;
				GCC_PREFIX_HEADER = "";
				INFOPLIST_FILE = "SMW Level Editor-Info.plist";
				INSTALL_PATH = "$(HOME)/Applications";
				OTHER_CFLAGS = (
					"-DLINUXFUNC",
					"-D__MACOSX__",
					"$(OTHER_CFLAGS_QUOTED_1)",
					"-DPNG_SAVE_FORMAT",
					"-DAPPBUNDLE",
				);
				OTHER_CFLAGS_QUOTED_1 = "-DPREFIXPATH=\\\"\\\"";
				OTHER_LDFLAGS = "";
				PREBINDING = NO;
				PRODUCT_NAME = "SMW Level Editor";
				USER_HEADER_SEARCH_PATHS = "/Library/Frameworks/SDL.framework/Headers /Library/Frameworks/SDL_net.framework/Headers /Library/Frameworks/SDL_mixer.framework/Headers /Library/Frameworks/SDL_image.framework/Headers /Library/Frameworks/libpng.framework/Headers";
				WRAPPER_EXTENSION = app;
				ZERO_LINK = YES;
			};
			name = Debug;
		};
		30F8EAF00B2EADF9001B86D3 /* Release */ = {
			isa = XCBuildConfiguration;
			buildSettings = {
				ARCHS = (
					ppc,
					i386,
				);
				COPY_PHASE_STRIP = YES;
				GCC_ENABLE_FIX_AND_CONTINUE = NO;
				GCC_GENERATE_DEBUGGING_SYMBOLS = NO;
				GCC_MODEL_TUNING = G5;
				GCC_PRECOMPILE_PREFIX_HEADER = YES;
				GCC_PREFIX_HEADER = "";
				INFOPLIST_FILE = "SMW Level Editor-Info.plist";
				INSTALL_PATH = "$(HOME)/Applications";
				OTHER_CFLAGS = (
					"-DLINUXFUNC",
					"-D__MACOSX__",
					"$(OTHER_CFLAGS_QUOTED_1)",
					"-DPNG_SAVE_FORMAT",
					"-DAPPBUNDLE",
				);
				OTHER_CFLAGS_QUOTED_1 = "-DPREFIXPATH=\\\"\\\"";
				OTHER_LDFLAGS = "";
				PREBINDING = NO;
				PRODUCT_NAME = "SMW Level Editor";
				USER_HEADER_SEARCH_PATHS = "/Library/Frameworks/SDL.framework/Headers /Library/Frameworks/SDL_net.framework/Headers /Library/Frameworks/SDL_mixer.framework/Headers /Library/Frameworks/SDL_image.framework/Headers /Library/Frameworks/libpng.framework/Headers";
				WRAPPER_EXTENSION = app;
				ZERO_LINK = NO;
			};
			name = Release;
		};
		C01FCF4B08A954540054247B /* Debug */ = {
			isa = XCBuildConfiguration;
			buildSettings = {
				ARCHS = (
					ppc,
					i386,
				);
				COPY_PHASE_STRIP = NO;
				GCC_DYNAMIC_NO_PIC = NO;
				GCC_ENABLE_FIX_AND_CONTINUE = YES;
				GCC_MODEL_TUNING = G5;
				GCC_OPTIMIZATION_LEVEL = 0;
				INFOPLIST_FILE = Info.plist;
				INSTALL_PATH = "$(HOME)/Applications";
				OTHER_CFLAGS = (
					"-DLINUXFUNC",
					"-D__MACOSX__",
					"$(OTHER_CFLAGS_QUOTED_1)",
					"-DPNG_SAVE_FORMAT",
					"-DAPPBUNDLE",
				);
				OTHER_CFLAGS_QUOTED_1 = "-DPREFIXPATH=\\\"\\\"";
				OTHER_LDFLAGS = "";
				PRODUCT_NAME = "Super Mario War";
				USER_HEADER_SEARCH_PATHS = "/Library/Frameworks/SDL.framework/Headers /Library/Frameworks/SDL_net.framework/Headers /Library/Frameworks/SDL_mixer.framework/Headers /Library/Frameworks/SDL_image.framework/Headers /Library/Frameworks/libpng.framework/Headers";
				WRAPPER_EXTENSION = app;
				ZERO_LINK = YES;
			};
			name = Debug;
		};
		C01FCF4C08A954540054247B /* Release */ = {
			isa = XCBuildConfiguration;
			buildSettings = {
				ARCHS = (
					ppc,
					i386,
				);
				GCC_GENERATE_DEBUGGING_SYMBOLS = NO;
				GCC_MODEL_TUNING = G5;
				INFOPLIST_FILE = Info.plist;
				INSTALL_PATH = "$(HOME)/Applications";
				OTHER_CFLAGS = (
					"-DLINUXFUNC",
					"-D__MACOSX__",
					"$(OTHER_CFLAGS_QUOTED_1)",
					"-DPNG_SAVE_FORMAT",
					"-DAPPBUNDLE",
				);
				OTHER_CFLAGS_QUOTED_1 = "-DPREFIXPATH=\\\"\\\"";
				OTHER_LDFLAGS = "";
				PRODUCT_NAME = "Super Mario War";
				USER_HEADER_SEARCH_PATHS = "/Library/Frameworks/SDL.framework/Headers /Library/Frameworks/SDL_net.framework/Headers /Library/Frameworks/SDL_mixer.framework/Headers /Library/Frameworks/SDL_image.framework/Headers /Library/Frameworks/libpng.framework/Headers";
				WRAPPER_EXTENSION = app;
			};
			name = Release;
		};
		C01FCF4F08A954540054247B /* Debug */ = {
			isa = XCBuildConfiguration;
			buildSettings = {
				GCC_WARN_ABOUT_RETURN_TYPE = YES;
				GCC_WARN_UNUSED_VARIABLE = YES;
				PREBINDING = NO;
				SDKROOT = /Developer/SDKs/MacOSX10.4u.sdk;
			};
			name = Debug;
		};
		C01FCF5008A954540054247B /* Release */ = {
			isa = XCBuildConfiguration;
			buildSettings = {
				GCC_WARN_ABOUT_RETURN_TYPE = YES;
				GCC_WARN_UNUSED_VARIABLE = YES;
				PREBINDING = NO;
				SDKROOT = /Developer/SDKs/MacOSX10.4u.sdk;
			};
			name = Release;
		};
/* End XCBuildConfiguration section */

/* Begin XCConfigurationList section */
		30F8EAEE0B2EADF9001B86D3 /* Build configuration list for PBXNativeTarget "SMW Level Editor" */ = {
			isa = XCConfigurationList;
			buildConfigurations = (
				30F8EAEF0B2EADF9001B86D3 /* Debug */,
				30F8EAF00B2EADF9001B86D3 /* Release */,
			);
			defaultConfigurationIsVisible = 0;
			defaultConfigurationName = Release;
		};
		C01FCF4A08A954540054247B /* Build configuration list for PBXNativeTarget "Super Mario War" */ = {
			isa = XCConfigurationList;
			buildConfigurations = (
				C01FCF4B08A954540054247B /* Debug */,
				C01FCF4C08A954540054247B /* Release */,
			);
			defaultConfigurationIsVisible = 0;
			defaultConfigurationName = Release;
		};
		C01FCF4E08A954540054247B /* Build configuration list for PBXProject "Super Mario War" */ = {
			isa = XCConfigurationList;
			buildConfigurations = (
				C01FCF4F08A954540054247B /* Debug */,
				C01FCF5008A954540054247B /* Release */,
			);
			defaultConfigurationIsVisible = 0;
			defaultConfigurationName = Release;
		};
/* End XCConfigurationList section */
	};
	rootObject = 29B97313FDCFA39411CA2CEA /* Project object */;
}
